// !$*UTF8*$!
{
	archiveVersion = 1;
	classes = {
	};
	objectVersion = 56;
	objects = {

/* Begin PBXBuildFile section */
		C9D4BD1B2B71089800584641 /* StumeetApp.swift in Sources */ = {isa = PBXBuildFile; fileRef = C9D4BD1A2B71089800584641 /* StumeetApp.swift */; };
		C9D4BD1D2B71089800584641 /* ContentView.swift in Sources */ = {isa = PBXBuildFile; fileRef = C9D4BD1C2B71089800584641 /* ContentView.swift */; };
		C9D4BD1F2B71089900584641 /* Assets.xcassets in Resources */ = {isa = PBXBuildFile; fileRef = C9D4BD1E2B71089900584641 /* Assets.xcassets */; };
		C9D4BD222B71089900584641 /* Preview Assets.xcassets in Resources */ = {isa = PBXBuildFile; fileRef = C9D4BD212B71089900584641 /* Preview Assets.xcassets */; };
		C9D4BD2C2B71089900584641 /* StumeetTests.swift in Sources */ = {isa = PBXBuildFile; fileRef = C9D4BD2B2B71089900584641 /* StumeetTests.swift */; };
		C9D4BD362B71089900584641 /* StumeetUITests.swift in Sources */ = {isa = PBXBuildFile; fileRef = C9D4BD352B71089900584641 /* StumeetUITests.swift */; };
		C9D4BD382B71089900584641 /* StumeetUITestsLaunchTests.swift in Sources */ = {isa = PBXBuildFile; fileRef = C9D4BD372B71089900584641 /* StumeetUITestsLaunchTests.swift */; };
		CA02680A2B74ABA900D9790F /* SnapKit in Frameworks */ = {isa = PBXBuildFile; productRef = CA0268092B74ABA900D9790F /* SnapKit */; };
		CA02680C2B74ABA900D9790F /* SnapKit-Dynamic in Frameworks */ = {isa = PBXBuildFile; productRef = CA02680B2B74ABA900D9790F /* SnapKit-Dynamic */; };
		CA0268102B74F5F800D9790F /* StartViewController.swift in Sources */ = {isa = PBXBuildFile; fileRef = CA02680F2B74F5F800D9790F /* StartViewController.swift */; };
		CA76600F2B749FA0009121FA /* ChangeProfileViewController.swift in Sources */ = {isa = PBXBuildFile; fileRef = CA76600E2B749FA0009121FA /* ChangeProfileViewController.swift */; };
		CA7660142B74A0EE009121FA /* BaseViewController.swift in Sources */ = {isa = PBXBuildFile; fileRef = CA7660132B74A0EE009121FA /* BaseViewController.swift */; };
		CA7660172B74A53B009121FA /* StumeetColor.swift in Sources */ = {isa = PBXBuildFile; fileRef = CA7660162B74A53B009121FA /* StumeetColor.swift */; };
		CAD04F882B7735E800B68BFD /* NicknameViewController.swift in Sources */ = {isa = PBXBuildFile; fileRef = CAD04F872B7735E800B68BFD /* NicknameViewController.swift */; };
		CAD04F8B2B77371A00B68BFD /* UITextField++Extension.swift in Sources */ = {isa = PBXBuildFile; fileRef = CAD04F8A2B77371A00B68BFD /* UITextField++Extension.swift */; };
		CAD04F8D2B773AF000B68BFD /* UILabel++Extension.swift in Sources */ = {isa = PBXBuildFile; fileRef = CAD04F8C2B773AF000B68BFD /* UILabel++Extension.swift */; };
		CAD04F8F2B773D0C00B68BFD /* UIButton++Extension.swift in Sources */ = {isa = PBXBuildFile; fileRef = CAD04F8E2B773D0C00B68BFD /* UIButton++Extension.swift */; };
/* End PBXBuildFile section */

/* Begin PBXContainerItemProxy section */
		C9D4BD282B71089900584641 /* PBXContainerItemProxy */ = {
			isa = PBXContainerItemProxy;
			containerPortal = C9D4BD0F2B71089800584641 /* Project object */;
			proxyType = 1;
			remoteGlobalIDString = C9D4BD162B71089800584641;
			remoteInfo = Stumeet;
		};
		C9D4BD322B71089900584641 /* PBXContainerItemProxy */ = {
			isa = PBXContainerItemProxy;
			containerPortal = C9D4BD0F2B71089800584641 /* Project object */;
			proxyType = 1;
			remoteGlobalIDString = C9D4BD162B71089800584641;
			remoteInfo = Stumeet;
		};
/* End PBXContainerItemProxy section */

/* Begin PBXFileReference section */
		C9D4BD172B71089800584641 /* Stumeet.app */ = {isa = PBXFileReference; explicitFileType = wrapper.application; includeInIndex = 0; path = Stumeet.app; sourceTree = BUILT_PRODUCTS_DIR; };
		C9D4BD1A2B71089800584641 /* StumeetApp.swift */ = {isa = PBXFileReference; lastKnownFileType = sourcecode.swift; path = StumeetApp.swift; sourceTree = "<group>"; };
		C9D4BD1C2B71089800584641 /* ContentView.swift */ = {isa = PBXFileReference; lastKnownFileType = sourcecode.swift; path = ContentView.swift; sourceTree = "<group>"; };
		C9D4BD1E2B71089900584641 /* Assets.xcassets */ = {isa = PBXFileReference; lastKnownFileType = folder.assetcatalog; path = Assets.xcassets; sourceTree = "<group>"; };
		C9D4BD212B71089900584641 /* Preview Assets.xcassets */ = {isa = PBXFileReference; lastKnownFileType = folder.assetcatalog; path = "Preview Assets.xcassets"; sourceTree = "<group>"; };
		C9D4BD272B71089900584641 /* StumeetTests.xctest */ = {isa = PBXFileReference; explicitFileType = wrapper.cfbundle; includeInIndex = 0; path = StumeetTests.xctest; sourceTree = BUILT_PRODUCTS_DIR; };
		C9D4BD2B2B71089900584641 /* StumeetTests.swift */ = {isa = PBXFileReference; lastKnownFileType = sourcecode.swift; path = StumeetTests.swift; sourceTree = "<group>"; };
		C9D4BD312B71089900584641 /* StumeetUITests.xctest */ = {isa = PBXFileReference; explicitFileType = wrapper.cfbundle; includeInIndex = 0; path = StumeetUITests.xctest; sourceTree = BUILT_PRODUCTS_DIR; };
		C9D4BD352B71089900584641 /* StumeetUITests.swift */ = {isa = PBXFileReference; lastKnownFileType = sourcecode.swift; path = StumeetUITests.swift; sourceTree = "<group>"; };
		C9D4BD372B71089900584641 /* StumeetUITestsLaunchTests.swift */ = {isa = PBXFileReference; lastKnownFileType = sourcecode.swift; path = StumeetUITestsLaunchTests.swift; sourceTree = "<group>"; };
		CA02680F2B74F5F800D9790F /* StartViewController.swift */ = {isa = PBXFileReference; lastKnownFileType = sourcecode.swift; path = StartViewController.swift; sourceTree = "<group>"; };
		CA76600E2B749FA0009121FA /* ChangeProfileViewController.swift */ = {isa = PBXFileReference; lastKnownFileType = sourcecode.swift; path = ChangeProfileViewController.swift; sourceTree = "<group>"; };
		CA7660132B74A0EE009121FA /* BaseViewController.swift */ = {isa = PBXFileReference; lastKnownFileType = sourcecode.swift; path = BaseViewController.swift; sourceTree = "<group>"; };
		CA7660162B74A53B009121FA /* StumeetColor.swift */ = {isa = PBXFileReference; lastKnownFileType = sourcecode.swift; path = StumeetColor.swift; sourceTree = "<group>"; };
		CAD04F872B7735E800B68BFD /* NicknameViewController.swift */ = {isa = PBXFileReference; lastKnownFileType = sourcecode.swift; path = NicknameViewController.swift; sourceTree = "<group>"; };
		CAD04F8A2B77371A00B68BFD /* UITextField++Extension.swift */ = {isa = PBXFileReference; lastKnownFileType = sourcecode.swift; path = "UITextField++Extension.swift"; sourceTree = "<group>"; };
		CAD04F8C2B773AF000B68BFD /* UILabel++Extension.swift */ = {isa = PBXFileReference; lastKnownFileType = sourcecode.swift; path = "UILabel++Extension.swift"; sourceTree = "<group>"; };
		CAD04F8E2B773D0C00B68BFD /* UIButton++Extension.swift */ = {isa = PBXFileReference; lastKnownFileType = sourcecode.swift; path = "UIButton++Extension.swift"; sourceTree = "<group>"; };
/* End PBXFileReference section */

/* Begin PBXFrameworksBuildPhase section */
		C9D4BD142B71089800584641 /* Frameworks */ = {
			isa = PBXFrameworksBuildPhase;
			buildActionMask = 2147483647;
			files = (
				CA02680A2B74ABA900D9790F /* SnapKit in Frameworks */,
				CA02680C2B74ABA900D9790F /* SnapKit-Dynamic in Frameworks */,
			);
			runOnlyForDeploymentPostprocessing = 0;
		};
		C9D4BD242B71089900584641 /* Frameworks */ = {
			isa = PBXFrameworksBuildPhase;
			buildActionMask = 2147483647;
			files = (
			);
			runOnlyForDeploymentPostprocessing = 0;
		};
		C9D4BD2E2B71089900584641 /* Frameworks */ = {
			isa = PBXFrameworksBuildPhase;
			buildActionMask = 2147483647;
			files = (
			);
			runOnlyForDeploymentPostprocessing = 0;
		};
/* End PBXFrameworksBuildPhase section */

/* Begin PBXGroup section */
		C9D4BD0E2B71089800584641 = {
			isa = PBXGroup;
			children = (
				C9D4BD192B71089800584641 /* Stumeet */,
				C9D4BD2A2B71089900584641 /* StumeetTests */,
				C9D4BD342B71089900584641 /* StumeetUITests */,
				C9D4BD182B71089800584641 /* Products */,
			);
			sourceTree = "<group>";
		};
		C9D4BD182B71089800584641 /* Products */ = {
			isa = PBXGroup;
			children = (
				C9D4BD172B71089800584641 /* Stumeet.app */,
				C9D4BD272B71089900584641 /* StumeetTests.xctest */,
				C9D4BD312B71089900584641 /* StumeetUITests.xctest */,
			);
			name = Products;
			sourceTree = "<group>";
		};
		C9D4BD192B71089800584641 /* Stumeet */ = {
			isa = PBXGroup;
			children = (
				CA7660112B74A0D8009121FA /* Utilities */,
				CA76600A2B749D93009121FA /* Presentation */,
				C9D4BD1A2B71089800584641 /* StumeetApp.swift */,
				C9D4BD1C2B71089800584641 /* ContentView.swift */,
				C9D4BD1E2B71089900584641 /* Assets.xcassets */,
				C9D4BD202B71089900584641 /* Preview Content */,
			);
			path = Stumeet;
			sourceTree = "<group>";
		};
		C9D4BD202B71089900584641 /* Preview Content */ = {
			isa = PBXGroup;
			children = (
				C9D4BD212B71089900584641 /* Preview Assets.xcassets */,
			);
			path = "Preview Content";
			sourceTree = "<group>";
		};
		C9D4BD2A2B71089900584641 /* StumeetTests */ = {
			isa = PBXGroup;
			children = (
				C9D4BD2B2B71089900584641 /* StumeetTests.swift */,
			);
			path = StumeetTests;
			sourceTree = "<group>";
		};
		C9D4BD342B71089900584641 /* StumeetUITests */ = {
			isa = PBXGroup;
			children = (
				C9D4BD352B71089900584641 /* StumeetUITests.swift */,
				C9D4BD372B71089900584641 /* StumeetUITestsLaunchTests.swift */,
			);
			path = StumeetUITests;
			sourceTree = "<group>";
		};
		CA76600A2B749D93009121FA /* Presentation */ = {
			isa = PBXGroup;
			children = (
				CA76600B2B749DE6009121FA /* LoginScenes */,
			);
			path = Presentation;
			sourceTree = "<group>";
		};
		CA76600B2B749DE6009121FA /* LoginScenes */ = {
			isa = PBXGroup;
			children = (
				CAD04F862B77310B00B68BFD /* Register */,
			);
			path = LoginScenes;
			sourceTree = "<group>";
		};
		CA76600C2B749E3F009121FA /* ViewContorller */ = {
			isa = PBXGroup;
			children = (
				CA76600E2B749FA0009121FA /* ChangeProfileViewController.swift */,
				CA02680F2B74F5F800D9790F /* StartViewController.swift */,
				CAD04F872B7735E800B68BFD /* NicknameViewController.swift */,
			);
			path = ViewContorller;
			sourceTree = "<group>";
		};
		CA76600D2B749E4C009121FA /* ViewModel */ = {
			isa = PBXGroup;
			children = (
			);
			path = ViewModel;
			sourceTree = "<group>";
		};
		CA7660112B74A0D8009121FA /* Utilities */ = {
			isa = PBXGroup;
			children = (
				CAD04F892B7736F400B68BFD /* Extension */,
				CA7660152B74A4B4009121FA /* Colors */,
				CA7660122B74A0E4009121FA /* Base */,
			);
			path = Utilities;
			sourceTree = "<group>";
		};
		CA7660122B74A0E4009121FA /* Base */ = {
			isa = PBXGroup;
			children = (
				CA7660132B74A0EE009121FA /* BaseViewController.swift */,
			);
			path = Base;
			sourceTree = "<group>";
		};
		CA7660152B74A4B4009121FA /* Colors */ = {
			isa = PBXGroup;
			children = (
				CA7660162B74A53B009121FA /* StumeetColor.swift */,
			);
			path = Colors;
			sourceTree = "<group>";
		};
		CAD04F862B77310B00B68BFD /* Register */ = {
			isa = PBXGroup;
			children = (
				CA76600D2B749E4C009121FA /* ViewModel */,
				CA76600C2B749E3F009121FA /* ViewContorller */,
			);
			path = Register;
			sourceTree = "<group>";
		};
		CAD04F892B7736F400B68BFD /* Extension */ = {
			isa = PBXGroup;
			children = (
				CAD04F8A2B77371A00B68BFD /* UITextField++Extension.swift */,
				CAD04F8C2B773AF000B68BFD /* UILabel++Extension.swift */,
				CAD04F8E2B773D0C00B68BFD /* UIButton++Extension.swift */,
			);
			path = Extension;
			sourceTree = "<group>";
		};
/* End PBXGroup section */

/* Begin PBXNativeTarget section */
		C9D4BD162B71089800584641 /* Stumeet */ = {
			isa = PBXNativeTarget;
			buildConfigurationList = C9D4BD3B2B71089900584641 /* Build configuration list for PBXNativeTarget "Stumeet" */;
			buildPhases = (
				C9D4BD132B71089800584641 /* Sources */,
				C9D4BD142B71089800584641 /* Frameworks */,
				C9D4BD152B71089800584641 /* Resources */,
			);
			buildRules = (
			);
			dependencies = (
			);
			name = Stumeet;
			packageProductDependencies = (
				CA0268092B74ABA900D9790F /* SnapKit */,
				CA02680B2B74ABA900D9790F /* SnapKit-Dynamic */,
			);
			productName = Stumeet;
			productReference = C9D4BD172B71089800584641 /* Stumeet.app */;
			productType = "com.apple.product-type.application";
		};
		C9D4BD262B71089900584641 /* StumeetTests */ = {
			isa = PBXNativeTarget;
			buildConfigurationList = C9D4BD3E2B71089900584641 /* Build configuration list for PBXNativeTarget "StumeetTests" */;
			buildPhases = (
				C9D4BD232B71089900584641 /* Sources */,
				C9D4BD242B71089900584641 /* Frameworks */,
				C9D4BD252B71089900584641 /* Resources */,
			);
			buildRules = (
			);
			dependencies = (
				C9D4BD292B71089900584641 /* PBXTargetDependency */,
			);
			name = StumeetTests;
			productName = StumeetTests;
			productReference = C9D4BD272B71089900584641 /* StumeetTests.xctest */;
			productType = "com.apple.product-type.bundle.unit-test";
		};
		C9D4BD302B71089900584641 /* StumeetUITests */ = {
			isa = PBXNativeTarget;
			buildConfigurationList = C9D4BD412B71089900584641 /* Build configuration list for PBXNativeTarget "StumeetUITests" */;
			buildPhases = (
				C9D4BD2D2B71089900584641 /* Sources */,
				C9D4BD2E2B71089900584641 /* Frameworks */,
				C9D4BD2F2B71089900584641 /* Resources */,
			);
			buildRules = (
			);
			dependencies = (
				C9D4BD332B71089900584641 /* PBXTargetDependency */,
			);
			name = StumeetUITests;
			productName = StumeetUITests;
			productReference = C9D4BD312B71089900584641 /* StumeetUITests.xctest */;
			productType = "com.apple.product-type.bundle.ui-testing";
		};
/* End PBXNativeTarget section */

/* Begin PBXProject section */
		C9D4BD0F2B71089800584641 /* Project object */ = {
			isa = PBXProject;
			attributes = {
				BuildIndependentTargetsInParallel = 1;
				LastSwiftUpdateCheck = 1520;
				LastUpgradeCheck = 1520;
				TargetAttributes = {
					C9D4BD162B71089800584641 = {
						CreatedOnToolsVersion = 15.2;
					};
					C9D4BD262B71089900584641 = {
						CreatedOnToolsVersion = 15.2;
						TestTargetID = C9D4BD162B71089800584641;
					};
					C9D4BD302B71089900584641 = {
						CreatedOnToolsVersion = 15.2;
						TestTargetID = C9D4BD162B71089800584641;
					};
				};
			};
			buildConfigurationList = C9D4BD122B71089800584641 /* Build configuration list for PBXProject "Stumeet" */;
			compatibilityVersion = "Xcode 14.0";
			developmentRegion = en;
			hasScannedForEncodings = 0;
			knownRegions = (
				en,
				Base,
			);
			mainGroup = C9D4BD0E2B71089800584641;
			packageReferences = (
				CA7660102B74A01F009121FA /* XCRemoteSwiftPackageReference "SnapKit" */,
			);
			productRefGroup = C9D4BD182B71089800584641 /* Products */;
			projectDirPath = "";
			projectRoot = "";
			targets = (
				C9D4BD162B71089800584641 /* Stumeet */,
				C9D4BD262B71089900584641 /* StumeetTests */,
				C9D4BD302B71089900584641 /* StumeetUITests */,
			);
		};
/* End PBXProject section */

/* Begin PBXResourcesBuildPhase section */
		C9D4BD152B71089800584641 /* Resources */ = {
			isa = PBXResourcesBuildPhase;
			buildActionMask = 2147483647;
			files = (
				C9D4BD222B71089900584641 /* Preview Assets.xcassets in Resources */,
				C9D4BD1F2B71089900584641 /* Assets.xcassets in Resources */,
			);
			runOnlyForDeploymentPostprocessing = 0;
		};
		C9D4BD252B71089900584641 /* Resources */ = {
			isa = PBXResourcesBuildPhase;
			buildActionMask = 2147483647;
			files = (
			);
			runOnlyForDeploymentPostprocessing = 0;
		};
		C9D4BD2F2B71089900584641 /* Resources */ = {
			isa = PBXResourcesBuildPhase;
			buildActionMask = 2147483647;
			files = (
			);
			runOnlyForDeploymentPostprocessing = 0;
		};
/* End PBXResourcesBuildPhase section */

/* Begin PBXSourcesBuildPhase section */
		C9D4BD132B71089800584641 /* Sources */ = {
			isa = PBXSourcesBuildPhase;
			buildActionMask = 2147483647;
			files = (
				CAD04F8D2B773AF000B68BFD /* UILabel++Extension.swift in Sources */,
				CA76600F2B749FA0009121FA /* ChangeProfileViewController.swift in Sources */,
				CAD04F8B2B77371A00B68BFD /* UITextField++Extension.swift in Sources */,
				CAD04F8F2B773D0C00B68BFD /* UIButton++Extension.swift in Sources */,
				CA0268102B74F5F800D9790F /* StartViewController.swift in Sources */,
				CA7660142B74A0EE009121FA /* BaseViewController.swift in Sources */,
				CA7660172B74A53B009121FA /* StumeetColor.swift in Sources */,
				C9D4BD1D2B71089800584641 /* ContentView.swift in Sources */,
				CAD04F882B7735E800B68BFD /* NicknameViewController.swift in Sources */,
				C9D4BD1B2B71089800584641 /* StumeetApp.swift in Sources */,
			);
			runOnlyForDeploymentPostprocessing = 0;
		};
		C9D4BD232B71089900584641 /* Sources */ = {
			isa = PBXSourcesBuildPhase;
			buildActionMask = 2147483647;
			files = (
				C9D4BD2C2B71089900584641 /* StumeetTests.swift in Sources */,
			);
			runOnlyForDeploymentPostprocessing = 0;
		};
		C9D4BD2D2B71089900584641 /* Sources */ = {
			isa = PBXSourcesBuildPhase;
			buildActionMask = 2147483647;
			files = (
				C9D4BD382B71089900584641 /* StumeetUITestsLaunchTests.swift in Sources */,
				C9D4BD362B71089900584641 /* StumeetUITests.swift in Sources */,
			);
			runOnlyForDeploymentPostprocessing = 0;
		};
/* End PBXSourcesBuildPhase section */

/* Begin PBXTargetDependency section */
		C9D4BD292B71089900584641 /* PBXTargetDependency */ = {
			isa = PBXTargetDependency;
			target = C9D4BD162B71089800584641 /* Stumeet */;
			targetProxy = C9D4BD282B71089900584641 /* PBXContainerItemProxy */;
		};
		C9D4BD332B71089900584641 /* PBXTargetDependency */ = {
			isa = PBXTargetDependency;
			target = C9D4BD162B71089800584641 /* Stumeet */;
			targetProxy = C9D4BD322B71089900584641 /* PBXContainerItemProxy */;
		};
/* End PBXTargetDependency section */

/* Begin XCBuildConfiguration section */
		C9D4BD392B71089900584641 /* Debug */ = {
			isa = XCBuildConfiguration;
			buildSettings = {
				ALWAYS_SEARCH_USER_PATHS = NO;
				ASSETCATALOG_COMPILER_GENERATE_SWIFT_ASSET_SYMBOL_EXTENSIONS = YES;
				CLANG_ANALYZER_NONNULL = YES;
				CLANG_ANALYZER_NUMBER_OBJECT_CONVERSION = YES_AGGRESSIVE;
				CLANG_CXX_LANGUAGE_STANDARD = "gnu++20";
				CLANG_ENABLE_MODULES = YES;
				CLANG_ENABLE_OBJC_ARC = YES;
				CLANG_ENABLE_OBJC_WEAK = YES;
				CLANG_WARN_BLOCK_CAPTURE_AUTORELEASING = YES;
				CLANG_WARN_BOOL_CONVERSION = YES;
				CLANG_WARN_COMMA = YES;
				CLANG_WARN_CONSTANT_CONVERSION = YES;
				CLANG_WARN_DEPRECATED_OBJC_IMPLEMENTATIONS = YES;
				CLANG_WARN_DIRECT_OBJC_ISA_USAGE = YES_ERROR;
				CLANG_WARN_DOCUMENTATION_COMMENTS = YES;
				CLANG_WARN_EMPTY_BODY = YES;
				CLANG_WARN_ENUM_CONVERSION = YES;
				CLANG_WARN_INFINITE_RECURSION = YES;
				CLANG_WARN_INT_CONVERSION = YES;
				CLANG_WARN_NON_LITERAL_NULL_CONVERSION = YES;
				CLANG_WARN_OBJC_IMPLICIT_RETAIN_SELF = YES;
				CLANG_WARN_OBJC_LITERAL_CONVERSION = YES;
				CLANG_WARN_OBJC_ROOT_CLASS = YES_ERROR;
				CLANG_WARN_QUOTED_INCLUDE_IN_FRAMEWORK_HEADER = YES;
				CLANG_WARN_RANGE_LOOP_ANALYSIS = YES;
				CLANG_WARN_STRICT_PROTOTYPES = YES;
				CLANG_WARN_SUSPICIOUS_MOVE = YES;
				CLANG_WARN_UNGUARDED_AVAILABILITY = YES_AGGRESSIVE;
				CLANG_WARN_UNREACHABLE_CODE = YES;
				CLANG_WARN__DUPLICATE_METHOD_MATCH = YES;
				COPY_PHASE_STRIP = NO;
				DEBUG_INFORMATION_FORMAT = dwarf;
				ENABLE_STRICT_OBJC_MSGSEND = YES;
				ENABLE_TESTABILITY = YES;
				ENABLE_USER_SCRIPT_SANDBOXING = YES;
				GCC_C_LANGUAGE_STANDARD = gnu17;
				GCC_DYNAMIC_NO_PIC = NO;
				GCC_NO_COMMON_BLOCKS = YES;
				GCC_OPTIMIZATION_LEVEL = 0;
				GCC_PREPROCESSOR_DEFINITIONS = (
					"DEBUG=1",
					"$(inherited)",
				);
				GCC_WARN_64_TO_32_BIT_CONVERSION = YES;
				GCC_WARN_ABOUT_RETURN_TYPE = YES_ERROR;
				GCC_WARN_UNDECLARED_SELECTOR = YES;
				GCC_WARN_UNINITIALIZED_AUTOS = YES_AGGRESSIVE;
				GCC_WARN_UNUSED_FUNCTION = YES;
				GCC_WARN_UNUSED_VARIABLE = YES;
				IPHONEOS_DEPLOYMENT_TARGET = 17.2;
				LOCALIZATION_PREFERS_STRING_CATALOGS = YES;
				MTL_ENABLE_DEBUG_INFO = INCLUDE_SOURCE;
				MTL_FAST_MATH = YES;
				ONLY_ACTIVE_ARCH = YES;
				SDKROOT = iphoneos;
				SWIFT_ACTIVE_COMPILATION_CONDITIONS = "DEBUG $(inherited)";
				SWIFT_OPTIMIZATION_LEVEL = "-Onone";
			};
			name = Debug;
		};
		C9D4BD3A2B71089900584641 /* Release */ = {
			isa = XCBuildConfiguration;
			buildSettings = {
				ALWAYS_SEARCH_USER_PATHS = NO;
				ASSETCATALOG_COMPILER_GENERATE_SWIFT_ASSET_SYMBOL_EXTENSIONS = YES;
				CLANG_ANALYZER_NONNULL = YES;
				CLANG_ANALYZER_NUMBER_OBJECT_CONVERSION = YES_AGGRESSIVE;
				CLANG_CXX_LANGUAGE_STANDARD = "gnu++20";
				CLANG_ENABLE_MODULES = YES;
				CLANG_ENABLE_OBJC_ARC = YES;
				CLANG_ENABLE_OBJC_WEAK = YES;
				CLANG_WARN_BLOCK_CAPTURE_AUTORELEASING = YES;
				CLANG_WARN_BOOL_CONVERSION = YES;
				CLANG_WARN_COMMA = YES;
				CLANG_WARN_CONSTANT_CONVERSION = YES;
				CLANG_WARN_DEPRECATED_OBJC_IMPLEMENTATIONS = YES;
				CLANG_WARN_DIRECT_OBJC_ISA_USAGE = YES_ERROR;
				CLANG_WARN_DOCUMENTATION_COMMENTS = YES;
				CLANG_WARN_EMPTY_BODY = YES;
				CLANG_WARN_ENUM_CONVERSION = YES;
				CLANG_WARN_INFINITE_RECURSION = YES;
				CLANG_WARN_INT_CONVERSION = YES;
				CLANG_WARN_NON_LITERAL_NULL_CONVERSION = YES;
				CLANG_WARN_OBJC_IMPLICIT_RETAIN_SELF = YES;
				CLANG_WARN_OBJC_LITERAL_CONVERSION = YES;
				CLANG_WARN_OBJC_ROOT_CLASS = YES_ERROR;
				CLANG_WARN_QUOTED_INCLUDE_IN_FRAMEWORK_HEADER = YES;
				CLANG_WARN_RANGE_LOOP_ANALYSIS = YES;
				CLANG_WARN_STRICT_PROTOTYPES = YES;
				CLANG_WARN_SUSPICIOUS_MOVE = YES;
				CLANG_WARN_UNGUARDED_AVAILABILITY = YES_AGGRESSIVE;
				CLANG_WARN_UNREACHABLE_CODE = YES;
				CLANG_WARN__DUPLICATE_METHOD_MATCH = YES;
				COPY_PHASE_STRIP = NO;
				DEBUG_INFORMATION_FORMAT = "dwarf-with-dsym";
				ENABLE_NS_ASSERTIONS = NO;
				ENABLE_STRICT_OBJC_MSGSEND = YES;
				ENABLE_USER_SCRIPT_SANDBOXING = YES;
				GCC_C_LANGUAGE_STANDARD = gnu17;
				GCC_NO_COMMON_BLOCKS = YES;
				GCC_WARN_64_TO_32_BIT_CONVERSION = YES;
				GCC_WARN_ABOUT_RETURN_TYPE = YES_ERROR;
				GCC_WARN_UNDECLARED_SELECTOR = YES;
				GCC_WARN_UNINITIALIZED_AUTOS = YES_AGGRESSIVE;
				GCC_WARN_UNUSED_FUNCTION = YES;
				GCC_WARN_UNUSED_VARIABLE = YES;
				IPHONEOS_DEPLOYMENT_TARGET = 17.2;
				LOCALIZATION_PREFERS_STRING_CATALOGS = YES;
				MTL_ENABLE_DEBUG_INFO = NO;
				MTL_FAST_MATH = YES;
				SDKROOT = iphoneos;
				SWIFT_COMPILATION_MODE = wholemodule;
				VALIDATE_PRODUCT = YES;
			};
			name = Release;
		};
		C9D4BD3C2B71089900584641 /* Debug */ = {
			isa = XCBuildConfiguration;
			buildSettings = {
				ASSETCATALOG_COMPILER_APPICON_NAME = AppIcon;
				ASSETCATALOG_COMPILER_GLOBAL_ACCENT_COLOR_NAME = AccentColor;
				CODE_SIGN_STYLE = Automatic;
				CURRENT_PROJECT_VERSION = 1;
				DEVELOPMENT_ASSET_PATHS = "\"Stumeet/Preview Content\"";
				DEVELOPMENT_TEAM = "";
				ENABLE_PREVIEWS = YES;
				GENERATE_INFOPLIST_FILE = YES;
				INFOPLIST_KEY_UIApplicationSceneManifest_Generation = YES;
				INFOPLIST_KEY_UIApplicationSupportsIndirectInputEvents = YES;
				INFOPLIST_KEY_UILaunchScreen_Generation = YES;
				INFOPLIST_KEY_UISupportedInterfaceOrientations_iPad = "UIInterfaceOrientationPortrait UIInterfaceOrientationPortraitUpsideDown UIInterfaceOrientationLandscapeLeft UIInterfaceOrientationLandscapeRight";
				INFOPLIST_KEY_UISupportedInterfaceOrientations_iPhone = "UIInterfaceOrientationPortrait UIInterfaceOrientationLandscapeLeft UIInterfaceOrientationLandscapeRight";
				LD_RUNPATH_SEARCH_PATHS = (
					"$(inherited)",
					"@executable_path/Frameworks",
				);
				MARKETING_VERSION = 1.0;
				PRODUCT_BUNDLE_IDENTIFIER = com.stumeet.Stumeet;
				PRODUCT_NAME = "$(TARGET_NAME)";
				SWIFT_EMIT_LOC_STRINGS = YES;
				SWIFT_VERSION = 5.0;
				TARGETED_DEVICE_FAMILY = "1,2";
			};
			name = Debug;
		};
		C9D4BD3D2B71089900584641 /* Release */ = {
			isa = XCBuildConfiguration;
			buildSettings = {
				ASSETCATALOG_COMPILER_APPICON_NAME = AppIcon;
				ASSETCATALOG_COMPILER_GLOBAL_ACCENT_COLOR_NAME = AccentColor;
				CODE_SIGN_STYLE = Automatic;
				CURRENT_PROJECT_VERSION = 1;
				DEVELOPMENT_ASSET_PATHS = "\"Stumeet/Preview Content\"";
				DEVELOPMENT_TEAM = "";
				ENABLE_PREVIEWS = YES;
				GENERATE_INFOPLIST_FILE = YES;
				INFOPLIST_KEY_UIApplicationSceneManifest_Generation = YES;
				INFOPLIST_KEY_UIApplicationSupportsIndirectInputEvents = YES;
				INFOPLIST_KEY_UILaunchScreen_Generation = YES;
				INFOPLIST_KEY_UISupportedInterfaceOrientations_iPad = "UIInterfaceOrientationPortrait UIInterfaceOrientationPortraitUpsideDown UIInterfaceOrientationLandscapeLeft UIInterfaceOrientationLandscapeRight";
				INFOPLIST_KEY_UISupportedInterfaceOrientations_iPhone = "UIInterfaceOrientationPortrait UIInterfaceOrientationLandscapeLeft UIInterfaceOrientationLandscapeRight";
				LD_RUNPATH_SEARCH_PATHS = (
					"$(inherited)",
					"@executable_path/Frameworks",
				);
				MARKETING_VERSION = 1.0;
				PRODUCT_BUNDLE_IDENTIFIER = com.stumeet.Stumeet;
				PRODUCT_NAME = "$(TARGET_NAME)";
				SWIFT_EMIT_LOC_STRINGS = YES;
				SWIFT_VERSION = 5.0;
				TARGETED_DEVICE_FAMILY = "1,2";
			};
			name = Release;
		};
		C9D4BD3F2B71089900584641 /* Debug */ = {
			isa = XCBuildConfiguration;
			buildSettings = {
				ALWAYS_EMBED_SWIFT_STANDARD_LIBRARIES = YES;
				BUNDLE_LOADER = "$(TEST_HOST)";
				CODE_SIGN_STYLE = Automatic;
				CURRENT_PROJECT_VERSION = 1;
				GENERATE_INFOPLIST_FILE = YES;
				IPHONEOS_DEPLOYMENT_TARGET = 17.2;
				MARKETING_VERSION = 1.0;
				PRODUCT_BUNDLE_IDENTIFIER = com.stumeet.StumeetTests;
				PRODUCT_NAME = "$(TARGET_NAME)";
				SWIFT_EMIT_LOC_STRINGS = NO;
				SWIFT_VERSION = 5.0;
				TARGETED_DEVICE_FAMILY = "1,2";
				TEST_HOST = "$(BUILT_PRODUCTS_DIR)/Stumeet.app/$(BUNDLE_EXECUTABLE_FOLDER_PATH)/Stumeet";
			};
			name = Debug;
		};
		C9D4BD402B71089900584641 /* Release */ = {
			isa = XCBuildConfiguration;
			buildSettings = {
				ALWAYS_EMBED_SWIFT_STANDARD_LIBRARIES = YES;
				BUNDLE_LOADER = "$(TEST_HOST)";
				CODE_SIGN_STYLE = Automatic;
				CURRENT_PROJECT_VERSION = 1;
				GENERATE_INFOPLIST_FILE = YES;
				IPHONEOS_DEPLOYMENT_TARGET = 17.2;
				MARKETING_VERSION = 1.0;
				PRODUCT_BUNDLE_IDENTIFIER = com.stumeet.StumeetTests;
				PRODUCT_NAME = "$(TARGET_NAME)";
				SWIFT_EMIT_LOC_STRINGS = NO;
				SWIFT_VERSION = 5.0;
				TARGETED_DEVICE_FAMILY = "1,2";
				TEST_HOST = "$(BUILT_PRODUCTS_DIR)/Stumeet.app/$(BUNDLE_EXECUTABLE_FOLDER_PATH)/Stumeet";
			};
			name = Release;
		};
		C9D4BD422B71089900584641 /* Debug */ = {
			isa = XCBuildConfiguration;
			buildSettings = {
				ALWAYS_EMBED_SWIFT_STANDARD_LIBRARIES = YES;
				CODE_SIGN_STYLE = Automatic;
				CURRENT_PROJECT_VERSION = 1;
				GENERATE_INFOPLIST_FILE = YES;
				MARKETING_VERSION = 1.0;
				PRODUCT_BUNDLE_IDENTIFIER = com.stumeet.StumeetUITests;
				PRODUCT_NAME = "$(TARGET_NAME)";
				SWIFT_EMIT_LOC_STRINGS = NO;
				SWIFT_VERSION = 5.0;
				TARGETED_DEVICE_FAMILY = "1,2";
				TEST_TARGET_NAME = Stumeet;
			};
			name = Debug;
		};
		C9D4BD432B71089900584641 /* Release */ = {
			isa = XCBuildConfiguration;
			buildSettings = {
				ALWAYS_EMBED_SWIFT_STANDARD_LIBRARIES = YES;
				CODE_SIGN_STYLE = Automatic;
				CURRENT_PROJECT_VERSION = 1;
				GENERATE_INFOPLIST_FILE = YES;
				MARKETING_VERSION = 1.0;
				PRODUCT_BUNDLE_IDENTIFIER = com.stumeet.StumeetUITests;
				PRODUCT_NAME = "$(TARGET_NAME)";
				SWIFT_EMIT_LOC_STRINGS = NO;
				SWIFT_VERSION = 5.0;
				TARGETED_DEVICE_FAMILY = "1,2";
				TEST_TARGET_NAME = Stumeet;
			};
			name = Release;
		};
/* End XCBuildConfiguration section */

/* Begin XCConfigurationList section */
		C9D4BD122B71089800584641 /* Build configuration list for PBXProject "Stumeet" */ = {
			isa = XCConfigurationList;
			buildConfigurations = (
				C9D4BD392B71089900584641 /* Debug */,
				C9D4BD3A2B71089900584641 /* Release */,
			);
			defaultConfigurationIsVisible = 0;
			defaultConfigurationName = Release;
		};
		C9D4BD3B2B71089900584641 /* Build configuration list for PBXNativeTarget "Stumeet" */ = {
			isa = XCConfigurationList;
			buildConfigurations = (
				C9D4BD3C2B71089900584641 /* Debug */,
				C9D4BD3D2B71089900584641 /* Release */,
			);
			defaultConfigurationIsVisible = 0;
			defaultConfigurationName = Release;
		};
		C9D4BD3E2B71089900584641 /* Build configuration list for PBXNativeTarget "StumeetTests" */ = {
			isa = XCConfigurationList;
			buildConfigurations = (
				C9D4BD3F2B71089900584641 /* Debug */,
				C9D4BD402B71089900584641 /* Release */,
			);
			defaultConfigurationIsVisible = 0;
			defaultConfigurationName = Release;
		};
		C9D4BD412B71089900584641 /* Build configuration list for PBXNativeTarget "StumeetUITests" */ = {
			isa = XCConfigurationList;
			buildConfigurations = (
				C9D4BD422B71089900584641 /* Debug */,
				C9D4BD432B71089900584641 /* Release */,
			);
			defaultConfigurationIsVisible = 0;
			defaultConfigurationName = Release;
		};
/* End XCConfigurationList section */

/* Begin XCRemoteSwiftPackageReference section */
		CA7660102B74A01F009121FA /* XCRemoteSwiftPackageReference "SnapKit" */ = {
			isa = XCRemoteSwiftPackageReference;
			repositoryURL = "https://github.com/SnapKit/SnapKit.git";
			requirement = {
				kind = upToNextMajorVersion;
				minimumVersion = 5.7.0;
			};
		};
/* End XCRemoteSwiftPackageReference section */

/* Begin XCSwiftPackageProductDependency section */
		CA0268092B74ABA900D9790F /* SnapKit */ = {
			isa = XCSwiftPackageProductDependency;
			package = CA7660102B74A01F009121FA /* XCRemoteSwiftPackageReference "SnapKit" */;
			productName = SnapKit;
		};
		CA02680B2B74ABA900D9790F /* SnapKit-Dynamic */ = {
			isa = XCSwiftPackageProductDependency;
			package = CA7660102B74A01F009121FA /* XCRemoteSwiftPackageReference "SnapKit" */;
			productName = "SnapKit-Dynamic";
		};
/* End XCSwiftPackageProductDependency section */
	};
	rootObject = C9D4BD0F2B71089800584641 /* Project object */;
}
